// !$*UTF8*$!
{
	archiveVersion = 1;
	classes = {
	};
	objectVersion = 46;
	objects = {

/* Begin PBXBuildFile section */
		F02BB1AA16E800F100E3D502 /* UIKit.framework in Frameworks */ = {isa = PBXBuildFile; fileRef = F02BB1A916E800F100E3D502 /* UIKit.framework */; };
		F02BB1AC16E800F100E3D502 /* Foundation.framework in Frameworks */ = {isa = PBXBuildFile; fileRef = F02BB1AB16E800F100E3D502 /* Foundation.framework */; };
		F02BB1AE16E800F100E3D502 /* CoreGraphics.framework in Frameworks */ = {isa = PBXBuildFile; fileRef = F02BB1AD16E800F100E3D502 /* CoreGraphics.framework */; };
		F02BB1B416E800F100E3D502 /* InfoPlist.strings in Resources */ = {isa = PBXBuildFile; fileRef = F02BB1B216E800F100E3D502 /* InfoPlist.strings */; };
		F02BB1B616E800F100E3D502 /* main.m in Sources */ = {isa = PBXBuildFile; fileRef = F02BB1B516E800F100E3D502 /* main.m */; };
		F02BB1BA16E800F100E3D502 /* MYAppDelegate.m in Sources */ = {isa = PBXBuildFile; fileRef = F02BB1B916E800F100E3D502 /* MYAppDelegate.m */; };
		F02BB1BC16E800F100E3D502 /* Default.png in Resources */ = {isa = PBXBuildFile; fileRef = F02BB1BB16E800F100E3D502 /* Default.png */; };
		F02BB1BE16E800F100E3D502 /* Default@2x.png in Resources */ = {isa = PBXBuildFile; fileRef = F02BB1BD16E800F100E3D502 /* Default@2x.png */; };
		F02BB1C016E800F100E3D502 /* Default-568h@2x.png in Resources */ = {isa = PBXBuildFile; fileRef = F02BB1BF16E800F100E3D502 /* Default-568h@2x.png */; };
		F02BB1C316E800F100E3D502 /* MYViewController.m in Sources */ = {isa = PBXBuildFile; fileRef = F02BB1C216E800F100E3D502 /* MYViewController.m */; };
		F02BB1C616E800F100E3D502 /* MYViewController.xib in Resources */ = {isa = PBXBuildFile; fileRef = F02BB1C416E800F100E3D502 /* MYViewController.xib */; };
		F02BB1CE16E8013A00E3D502 /* MYJSONWebservice.m in Sources */ = {isa = PBXBuildFile; fileRef = F02BB1CD16E8013A00E3D502 /* MYJSONWebservice.m */; };
/* End PBXBuildFile section */

/* Begin PBXFileReference section */
		F02BB1A616E800F100E3D502 /* JSONWebserviceTest.app */ = {isa = PBXFileReference; explicitFileType = wrapper.application; includeInIndex = 0; path = JSONWebserviceTest.app; sourceTree = BUILT_PRODUCTS_DIR; };
		F02BB1A916E800F100E3D502 /* UIKit.framework */ = {isa = PBXFileReference; lastKnownFileType = wrapper.framework; name = UIKit.framework; path = System/Library/Frameworks/UIKit.framework; sourceTree = SDKROOT; };
		F02BB1AB16E800F100E3D502 /* Foundation.framework */ = {isa = PBXFileReference; lastKnownFileType = wrapper.framework; name = Foundation.framework; path = System/Library/Frameworks/Foundation.framework; sourceTree = SDKROOT; };
		F02BB1AD16E800F100E3D502 /* CoreGraphics.framework */ = {isa = PBXFileReference; lastKnownFileType = wrapper.framework; name = CoreGraphics.framework; path = System/Library/Frameworks/CoreGraphics.framework; sourceTree = SDKROOT; };
		F02BB1B116E800F100E3D502 /* JSONWebserviceTest-Info.plist */ = {isa = PBXFileReference; lastKnownFileType = text.plist.xml; path = "JSONWebserviceTest-Info.plist"; sourceTree = "<group>"; };
		F02BB1B316E800F100E3D502 /* en */ = {isa = PBXFileReference; lastKnownFileType = text.plist.strings; name = en; path = en.lproj/InfoPlist.strings; sourceTree = "<group>"; };
		F02BB1B516E800F100E3D502 /* main.m */ = {isa = PBXFileReference; lastKnownFileType = sourcecode.c.objc; path = main.m; sourceTree = "<group>"; };
		F02BB1B716E800F100E3D502 /* JSONWebserviceTest-Prefix.pch */ = {isa = PBXFileReference; lastKnownFileType = sourcecode.c.h; path = "JSONWebserviceTest-Prefix.pch"; sourceTree = "<group>"; };
		F02BB1B816E800F100E3D502 /* MYAppDelegate.h */ = {isa = PBXFileReference; lastKnownFileType = sourcecode.c.h; path = MYAppDelegate.h; sourceTree = "<group>"; };
		F02BB1B916E800F100E3D502 /* MYAppDelegate.m */ = {isa = PBXFileReference; lastKnownFileType = sourcecode.c.objc; path = MYAppDelegate.m; sourceTree = "<group>"; };
		F02BB1BB16E800F100E3D502 /* Default.png */ = {isa = PBXFileReference; lastKnownFileType = image.png; path = Default.png; sourceTree = "<group>"; };
		F02BB1BD16E800F100E3D502 /* Default@2x.png */ = {isa = PBXFileReference; lastKnownFileType = image.png; path = "Default@2x.png"; sourceTree = "<group>"; };
		F02BB1BF16E800F100E3D502 /* Default-568h@2x.png */ = {isa = PBXFileReference; lastKnownFileType = image.png; path = "Default-568h@2x.png"; sourceTree = "<group>"; };
		F02BB1C116E800F100E3D502 /* MYViewController.h */ = {isa = PBXFileReference; lastKnownFileType = sourcecode.c.h; path = MYViewController.h; sourceTree = "<group>"; };
		F02BB1C216E800F100E3D502 /* MYViewController.m */ = {isa = PBXFileReference; lastKnownFileType = sourcecode.c.objc; path = MYViewController.m; sourceTree = "<group>"; };
		F02BB1C516E800F100E3D502 /* en */ = {isa = PBXFileReference; lastKnownFileType = file.xib; name = en; path = en.lproj/MYViewController.xib; sourceTree = "<group>"; };
		F02BB1CC16E8013A00E3D502 /* MYJSONWebservice.h */ = {isa = PBXFileReference; fileEncoding = 4; lastKnownFileType = sourcecode.c.h; path = MYJSONWebservice.h; sourceTree = "<group>"; };
		F02BB1CD16E8013A00E3D502 /* MYJSONWebservice.m */ = {isa = PBXFileReference; fileEncoding = 4; lastKnownFileType = sourcecode.c.objc; path = MYJSONWebservice.m; sourceTree = "<group>"; };
/* End PBXFileReference section */

/* Begin PBXFrameworksBuildPhase section */
		F02BB1A316E800F100E3D502 /* Frameworks */ = {
			isa = PBXFrameworksBuildPhase;
			buildActionMask = 2147483647;
			files = (
				F02BB1AA16E800F100E3D502 /* UIKit.framework in Frameworks */,
				F02BB1AC16E800F100E3D502 /* Foundation.framework in Frameworks */,
				F02BB1AE16E800F100E3D502 /* CoreGraphics.framework in Frameworks */,
			);
			runOnlyForDeploymentPostprocessing = 0;
		};
/* End PBXFrameworksBuildPhase section */

/* Begin PBXGroup section */
		F02BB19D16E800F100E3D502 = {
			isa = PBXGroup;
			children = (
				F02BB1AF16E800F100E3D502 /* JSONWebserviceTest */,
				F02BB1A816E800F100E3D502 /* Frameworks */,
				F02BB1A716E800F100E3D502 /* Products */,
			);
			sourceTree = "<group>";
		};
		F02BB1A716E800F100E3D502 /* Products */ = {
			isa = PBXGroup;
			children = (
				F02BB1A616E800F100E3D502 /* JSONWebserviceTest.app */,
			);
			name = Products;
			sourceTree = "<group>";
		};
		F02BB1A816E800F100E3D502 /* Frameworks */ = {
			isa = PBXGroup;
			children = (
				F02BB1A916E800F100E3D502 /* UIKit.framework */,
				F02BB1AB16E800F100E3D502 /* Foundation.framework */,
				F02BB1AD16E800F100E3D502 /* CoreGraphics.framework */,
			);
			name = Frameworks;
			sourceTree = "<group>";
		};
		F02BB1AF16E800F100E3D502 /* JSONWebserviceTest */ = {
			isa = PBXGroup;
			children = (
				F02BB1B816E800F100E3D502 /* MYAppDelegate.h */,
				F02BB1B916E800F100E3D502 /* MYAppDelegate.m */,
				F02BB1C116E800F100E3D502 /* MYViewController.h */,
				F02BB1C216E800F100E3D502 /* MYViewController.m */,
				F02BB1C416E800F100E3D502 /* MYViewController.xib */,
				F02BB20716E814ED00E3D502 /* Webservice */,
				F02BB1B016E800F100E3D502 /* Supporting Files */,
			);
			path = JSONWebserviceTest;
			sourceTree = "<group>";
		};
		F02BB1B016E800F100E3D502 /* Supporting Files */ = {
			isa = PBXGroup;
			children = (
				F02BB1B116E800F100E3D502 /* JSONWebserviceTest-Info.plist */,
				F02BB1B216E800F100E3D502 /* InfoPlist.strings */,
				F02BB1B516E800F100E3D502 /* main.m */,
				F02BB1B716E800F100E3D502 /* JSONWebserviceTest-Prefix.pch */,
				F02BB1BB16E800F100E3D502 /* Default.png */,
				F02BB1BD16E800F100E3D502 /* Default@2x.png */,
				F02BB1BF16E800F100E3D502 /* Default-568h@2x.png */,
			);
			name = "Supporting Files";
			sourceTree = "<group>";
		};
		F02BB20716E814ED00E3D502 /* Webservice */ = {
			isa = PBXGroup;
			children = (
				F02BB1CC16E8013A00E3D502 /* MYJSONWebservice.h */,
				F02BB1CD16E8013A00E3D502 /* MYJSONWebservice.m */,
			);
			name = Webservice;
			sourceTree = "<group>";
		};
/* End PBXGroup section */

/* Begin PBXNativeTarget section */
		F02BB1A516E800F100E3D502 /* JSONWebserviceTest */ = {
			isa = PBXNativeTarget;
			buildConfigurationList = F02BB1C916E800F100E3D502 /* Build configuration list for PBXNativeTarget "JSONWebserviceTest" */;
			buildPhases = (
				F02BB1A216E800F100E3D502 /* Sources */,
				F02BB1A316E800F100E3D502 /* Frameworks */,
				F02BB1A416E800F100E3D502 /* Resources */,
			);
			buildRules = (
			);
			dependencies = (
			);
			name = JSONWebserviceTest;
			productName = JSONWebserviceTest;
			productReference = F02BB1A616E800F100E3D502 /* JSONWebserviceTest.app */;
			productType = "com.apple.product-type.application";
		};
/* End PBXNativeTarget section */

/* Begin PBXProject section */
		F02BB19E16E800F100E3D502 /* Project object */ = {
			isa = PBXProject;
			attributes = {
				CLASSPREFIX = MY;
				LastUpgradeCheck = 0460;
				ORGANIZATIONNAME = "Matthew York";
			};
			buildConfigurationList = F02BB1A116E800F100E3D502 /* Build configuration list for PBXProject "JSONWebserviceTest" */;
			compatibilityVersion = "Xcode 3.2";
			developmentRegion = English;
			hasScannedForEncodings = 0;
			knownRegions = (
				en,
			);
			mainGroup = F02BB19D16E800F100E3D502;
			productRefGroup = F02BB1A716E800F100E3D502 /* Products */;
			projectDirPath = "";
			projectRoot = "";
			targets = (
				F02BB1A516E800F100E3D502 /* JSONWebserviceTest */,
			);
		};
/* End PBXProject section */

/* Begin PBXResourcesBuildPhase section */
		F02BB1A416E800F100E3D502 /* Resources */ = {
			isa = PBXResourcesBuildPhase;
			buildActionMask = 2147483647;
			files = (
				F02BB1B416E800F100E3D502 /* InfoPlist.strings in Resources */,
				F02BB1BC16E800F100E3D502 /* Default.png in Resources */,
				F02BB1BE16E800F100E3D502 /* Default@2x.png in Resources */,
				F02BB1C016E800F100E3D502 /* Default-568h@2x.png in Resources */,
				F02BB1C616E800F100E3D502 /* MYViewController.xib in Resources */,
			);
			runOnlyForDeploymentPostprocessing = 0;
		};
/* End PBXResourcesBuildPhase section */

/* Begin PBXSourcesBuildPhase section */
		F02BB1A216E800F100E3D502 /* Sources */ = {
			isa = PBXSourcesBuildPhase;
			buildActionMask = 2147483647;
			files = (
				F02BB1B616E800F100E3D502 /* main.m in Sources */,
				F02BB1BA16E800F100E3D502 /* MYAppDelegate.m in Sources */,
				F02BB1C316E800F100E3D502 /* MYViewController.m in Sources */,
				F02BB1CE16E8013A00E3D502 /* MYJSONWebservice.m in Sources */,
			);
			runOnlyForDeploymentPostprocessing = 0;
		};
/* End PBXSourcesBuildPhase section */

/* Begin PBXVariantGroup section */
		F02BB1B216E800F100E3D502 /* InfoPlist.strings */ = {
			isa = PBXVariantGroup;
			children = (
				F02BB1B316E800F100E3D502 /* en */,
			);
			name = InfoPlist.strings;
			sourceTree = "<group>";
		};
		F02BB1C416E800F100E3D502 /* MYViewController.xib */ = {
			isa = PBXVariantGroup;
			children = (
				F02BB1C516E800F100E3D502 /* en */,
			);
			name = MYViewController.xib;
			sourceTree = "<group>";
		};
/* End PBXVariantGroup section */

/* Begin XCBuildConfiguration section */
		F02BB1C716E800F100E3D502 /* Debug */ = {
			isa = XCBuildConfiguration;
			buildSettings = {
				ALWAYS_SEARCH_USER_PATHS = NO;
				CLANG_CXX_LANGUAGE_STANDARD = "gnu++0x";
				CLANG_CXX_LIBRARY = "libc++";
				CLANG_ENABLE_OBJC_ARC = YES;
				CLANG_WARN_CONSTANT_CONVERSION = YES;
				CLANG_WARN_EMPTY_BODY = YES;
				CLANG_WARN_ENUM_CONVERSION = YES;
				CLANG_WARN_INT_CONVERSION = YES;
				CLANG_WARN__DUPLICATE_METHOD_MATCH = YES;
				"CODE_SIGN_IDENTITY[sdk=iphoneos*]" = "iPhone Developer";
				COPY_PHASE_STRIP = NO;
				GCC_C_LANGUAGE_STANDARD = gnu99;
				GCC_DYNAMIC_NO_PIC = NO;
				GCC_OPTIMIZATION_LEVEL = 0;
				GCC_PREPROCESSOR_DEFINITIONS = (
					"DEBUG=1",
					"$(inherited)",
				);
				GCC_SYMBOLS_PRIVATE_EXTERN = NO;
				GCC_WARN_ABOUT_RETURN_TYPE = YES;
				GCC_WARN_UNINITIALIZED_AUTOS = YES;
				GCC_WARN_UNUSED_VARIABLE = YES;
				IPHONEOS_DEPLOYMENT_TARGET = 6.1;
				ONLY_ACTIVE_ARCH = YES;
				SDKROOT = iphoneos;
			};
			name = Debug;
		};
		F02BB1C816E800F100E3D502 /* Release */ = {
			isa = XCBuildConfiguration;
			buildSettings = {
				ALWAYS_SEARCH_USER_PATHS = NO;
				CLANG_CXX_LANGUAGE_STANDARD = "gnu++0x";
				CLANG_CXX_LIBRARY = "libc++";
				CLANG_ENABLE_OBJC_ARC = YES;
				CLANG_WARN_CONSTANT_CONVERSION = YES;
				CLANG_WARN_EMPTY_BODY = YES;
				CLANG_WARN_ENUM_CONVERSION = YES;
				CLANG_WARN_INT_CONVERSION = YES;
				CLANG_WARN__DUPLICATE_METHOD_MATCH = YES;
				"CODE_SIGN_IDENTITY[sdk=iphoneos*]" = "iPhone Developer";
				COPY_PHASE_STRIP = YES;
				GCC_C_LANGUAGE_STANDARD = gnu99;
				GCC_WARN_ABOUT_RETURN_TYPE = YES;
				GCC_WARN_UNINITIALIZED_AUTOS = YES;
				GCC_WARN_UNUSED_VARIABLE = YES;
				IPHONEOS_DEPLOYMENT_TARGET = 6.1;
				OTHER_CFLAGS = "-DNS_BLOCK_ASSERTIONS=1";
				SDKROOT = iphoneos;
				VALIDATE_PRODUCT = YES;
			};
			name = Release;
		};
		F02BB1CA16E800F100E3D502 /* Debug */ = {
			isa = XCBuildConfiguration;
			buildSettings = {
				GCC_PRECOMPILE_PREFIX_HEADER = YES;
				GCC_PREFIX_HEADER = "JSONWebserviceTest/JSONWebserviceTest-Prefix.pch";
				INFOPLIST_FILE = "JSONWebserviceTest/JSONWebserviceTest-Info.plist";
				PRODUCT_NAME = "$(TARGET_NAME)";
				WRAPPER_EXTENSION = app;
			};
			name = Debug;
		};
		F02BB1CB16E800F100E3D502 /* Release */ = {
			isa = XCBuildConfiguration;
			buildSettings = {
				GCC_PRECOMPILE_PREFIX_HEADER = YES;
				GCC_PREFIX_HEADER = "JSONWebserviceTest/JSONWebserviceTest-Prefix.pch";
				INFOPLIST_FILE = "JSONWebserviceTest/JSONWebserviceTest-Info.plist";
				PRODUCT_NAME = "$(TARGET_NAME)";
				WRAPPER_EXTENSION = app;
			};
			name = Release;
		};
/* End XCBuildConfiguration section */

/* Begin XCConfigurationList section */
		F02BB1A116E800F100E3D502 /* Build configuration list for PBXProject "JSONWebserviceTest" */ = {
			isa = XCConfigurationList;
			buildConfigurations = (
				F02BB1C716E800F100E3D502 /* Debug */,
				F02BB1C816E800F100E3D502 /* Release */,
			);
			defaultConfigurationIsVisible = 0;
			defaultConfigurationName = Release;
		};
		F02BB1C916E800F100E3D502 /* Build configuration list for PBXNativeTarget "JSONWebserviceTest" */ = {
			isa = XCConfigurationList;
			buildConfigurations = (
				F02BB1CA16E800F100E3D502 /* Debug */,
				F02BB1CB16E800F100E3D502 /* Release */,
			);
			defaultConfigurationIsVisible = 0;
		};
/* End XCConfigurationList section */
	};
	rootObject = F02BB19E16E800F100E3D502 /* Project object */;
}
